
Microsoft Visual Studio Solution File, Format Version 12.00
# Visual Studio Version 17
VisualStudioVersion = 17.8.34525.116
MinimumVisualStudioVersion = 10.0.40219.1
Project("{FAE04EC0-301F-11D3-BF4B-00C04F79EFBC}") = "L01P022021CL650", "L01P022021CL650\L01P022021CL650.csproj", "{55C0A978-D6F2-4F3C-94EE-8A5F7CBA5CD1}"
EndProject
Global
	GlobalSection(SolutionConfigurationPlatforms) = preSolution
		Debug|Any CPU = Debug|Any CPU
		Release|Any CPU = Release|Any CPU
	EndGlobalSection
	GlobalSection(ProjectConfigurationPlatforms) = postSolution
		{55C0A978-D6F2-4F3C-94EE-8A5F7CBA5CD1}.Debug|Any CPU.ActiveCfg = Debug|Any CPU
		{55C0A978-D6F2-4F3C-94EE-8A5F7CBA5CD1}.Debug|Any CPU.Build.0 = Debug|Any CPU
		{55C0A978-D6F2-4F3C-94EE-8A5F7CBA5CD1}.Release|Any CPU.ActiveCfg = Release|Any CPU
		{55C0A978-D6F2-4F3C-94EE-8A5F7CBA5CD1}.Release|Any CPU.Build.0 = Release|Any CPU
	EndGlobalSection
	GlobalSection(SolutionProperties) = preSolution
		HideSolutionNode = FALSE
	EndGlobalSection
	GlobalSection(ExtensibilityGlobals) = postSolution
		SolutionGuid = {33459CF0-05F0-4BB8-A69C-C7F7810176EF}
	EndGlobalSection
EndGlobal
